
Microsoft Visual Studio Solution File, Format Version 12.00
# Visual Studio 15
VisualStudioVersion = 15.0.26124.0
MinimumVisualStudioVersion = 15.0.26124.0
Project("{2150E333-8FDC-42A3-9474-1A3956D46DE8}") = "Graph", "Graph", "{5A8C47DC-3FD3-415B-AA11-7B81264E61A6}"
EndProject
Project("{FAE04EC0-301F-11D3-BF4B-00C04F79EFBC}") = "DotNet.DataStructure.Graph", "Graph\src\DotNet.DataStructure.Graph.csproj", "{A776DCCC-D018-434E-A314-9A632E8351B9}"
EndProject
Project("{FAE04EC0-301F-11D3-BF4B-00C04F79EFBC}") = "DotNet.DataStructure.Graph.Tests", "Graph\test\DotNet.DataStructure.Graph.Tests.csproj", "{DEEF59E2-2FF8-4C03-A62D-D55402E6D153}"
EndProject
Project("{2150E333-8FDC-42A3-9474-1A3956D46DE8}") = "Hash", "Hash", "{442BC372-4073-465D-95CD-64DA0B002FB3}"
EndProject
Project("{FAE04EC0-301F-11D3-BF4B-00C04F79EFBC}") = "DotNet.DataStructure.Hash", "Hash\src\DotNet.DataStructure.Hash.csproj", "{40B47A81-C5C4-4868-B98C-71F00082DBA0}"
EndProject
Project("{FAE04EC0-301F-11D3-BF4B-00C04F79EFBC}") = "DotNet.DataStructure.Hash.Tests", "Hash\test\DotNet.DataStructure.Hash.Tests.csproj", "{09415ED7-6B99-4286-8FAE-86AFC775C3A7}"
EndProject
Project("{2150E333-8FDC-42A3-9474-1A3956D46DE8}") = "Linear", "Linear", "{54ECD5BC-9FFF-4564-B147-DD8A21A5E8BA}"
EndProject
Project("{FAE04EC0-301F-11D3-BF4B-00C04F79EFBC}") = "DotNet.DataStructure.Linear", "Linear\src\DotNet.DataStructure.Linear.csproj", "{B72D4BDC-9EC1-45AF-9FDC-7D6BD5C06715}"
EndProject
Project("{FAE04EC0-301F-11D3-BF4B-00C04F79EFBC}") = "DotNet.DataStructure.Linear.Tests", "Linear\test\DotNet.DataStructure.Linear.Tests.csproj", "{A3FAFBD5-B2E4-4FD9-ACF1-66201CE101F2}"
EndProject
Project("{2150E333-8FDC-42A3-9474-1A3956D46DE8}") = "Shared", "Shared", "{8730554D-5F23-416F-B474-56937ED57BCC}"
EndProject
Project("{FAE04EC0-301F-11D3-BF4B-00C04F79EFBC}") = "DotNet.DataStructure.Shared", "Shared\src\DotNet.DataStructure.Shared.csproj", "{729F2EA4-FBA4-455D-A97A-CC0F3A73859C}"
EndProject
Project("{FAE04EC0-301F-11D3-BF4B-00C04F79EFBC}") = "DotNet.DataStructure.Shared.Tests", "Shared\test\DotNet.DataStructure.Shared.Tests.csproj", "{DB844BEB-C899-44DD-92D4-B5CF1DD47342}"
EndProject
Project("{2150E333-8FDC-42A3-9474-1A3956D46DE8}") = "Tree", "Tree", "{CE2B1681-E319-4AA1-8287-9A58CD21C23A}"
EndProject
Project("{FAE04EC0-301F-11D3-BF4B-00C04F79EFBC}") = "DotNet.DataStructure.Tree", "Tree\src\DotNet.DataStructure.Tree.csproj", "{ED53738C-CCFF-40D6-A8A6-A9D47A46CCBD}"
EndProject
Project("{FAE04EC0-301F-11D3-BF4B-00C04F79EFBC}") = "DotNet.DataStructure.Tree.Tests", "Tree\test\DotNet.DataStructure.Tree.Tests.csproj", "{F906094A-D6D4-4C29-8B6E-DD051347ECB5}"
EndProject
Global
	GlobalSection(SolutionConfigurationPlatforms) = preSolution
		Debug|Any CPU = Debug|Any CPU
		Debug|x64 = Debug|x64
		Debug|x86 = Debug|x86
		Release|Any CPU = Release|Any CPU
		Release|x64 = Release|x64
		Release|x86 = Release|x86
	EndGlobalSection
	GlobalSection(SolutionProperties) = preSolution
		HideSolutionNode = FALSE
	EndGlobalSection
	GlobalSection(ProjectConfigurationPlatforms) = postSolution
		{A776DCCC-D018-434E-A314-9A632E8351B9}.Debug|Any CPU.ActiveCfg = Debug|Any CPU
		{A776DCCC-D018-434E-A314-9A632E8351B9}.Debug|Any CPU.Build.0 = Debug|Any CPU
		{A776DCCC-D018-434E-A314-9A632E8351B9}.Debug|x64.ActiveCfg = Debug|Any CPU
		{A776DCCC-D018-434E-A314-9A632E8351B9}.Debug|x64.Build.0 = Debug|Any CPU
		{A776DCCC-D018-434E-A314-9A632E8351B9}.Debug|x86.ActiveCfg = Debug|Any CPU
		{A776DCCC-D018-434E-A314-9A632E8351B9}.Debug|x86.Build.0 = Debug|Any CPU
		{A776DCCC-D018-434E-A314-9A632E8351B9}.Release|Any CPU.ActiveCfg = Release|Any CPU
		{A776DCCC-D018-434E-A314-9A632E8351B9}.Release|Any CPU.Build.0 = Release|Any CPU
		{A776DCCC-D018-434E-A314-9A632E8351B9}.Release|x64.ActiveCfg = Release|Any CPU
		{A776DCCC-D018-434E-A314-9A632E8351B9}.Release|x64.Build.0 = Release|Any CPU
		{A776DCCC-D018-434E-A314-9A632E8351B9}.Release|x86.ActiveCfg = Release|Any CPU
		{A776DCCC-D018-434E-A314-9A632E8351B9}.Release|x86.Build.0 = Release|Any CPU
		{DEEF59E2-2FF8-4C03-A62D-D55402E6D153}.Debug|Any CPU.ActiveCfg = Debug|Any CPU
		{DEEF59E2-2FF8-4C03-A62D-D55402E6D153}.Debug|Any CPU.Build.0 = Debug|Any CPU
		{DEEF59E2-2FF8-4C03-A62D-D55402E6D153}.Debug|x64.ActiveCfg = Debug|Any CPU
		{DEEF59E2-2FF8-4C03-A62D-D55402E6D153}.Debug|x64.Build.0 = Debug|Any CPU
		{DEEF59E2-2FF8-4C03-A62D-D55402E6D153}.Debug|x86.ActiveCfg = Debug|Any CPU
		{DEEF59E2-2FF8-4C03-A62D-D55402E6D153}.Debug|x86.Build.0 = Debug|Any CPU
		{DEEF59E2-2FF8-4C03-A62D-D55402E6D153}.Release|Any CPU.ActiveCfg = Release|Any CPU
		{DEEF59E2-2FF8-4C03-A62D-D55402E6D153}.Release|Any CPU.Build.0 = Release|Any CPU
		{DEEF59E2-2FF8-4C03-A62D-D55402E6D153}.Release|x64.ActiveCfg = Release|Any CPU
		{DEEF59E2-2FF8-4C03-A62D-D55402E6D153}.Release|x64.Build.0 = Release|Any CPU
		{DEEF59E2-2FF8-4C03-A62D-D55402E6D153}.Release|x86.ActiveCfg = Release|Any CPU
		{DEEF59E2-2FF8-4C03-A62D-D55402E6D153}.Release|x86.Build.0 = Release|Any CPU
		{40B47A81-C5C4-4868-B98C-71F00082DBA0}.Debug|Any CPU.ActiveCfg = Debug|Any CPU
		{40B47A81-C5C4-4868-B98C-71F00082DBA0}.Debug|Any CPU.Build.0 = Debug|Any CPU
		{40B47A81-C5C4-4868-B98C-71F00082DBA0}.Debug|x64.ActiveCfg = Debug|Any CPU
		{40B47A81-C5C4-4868-B98C-71F00082DBA0}.Debug|x64.Build.0 = Debug|Any CPU
		{40B47A81-C5C4-4868-B98C-71F00082DBA0}.Debug|x86.ActiveCfg = Debug|Any CPU
		{40B47A81-C5C4-4868-B98C-71F00082DBA0}.Debug|x86.Build.0 = Debug|Any CPU
		{40B47A81-C5C4-4868-B98C-71F00082DBA0}.Release|Any CPU.ActiveCfg = Release|Any CPU
		{40B47A81-C5C4-4868-B98C-71F00082DBA0}.Release|Any CPU.Build.0 = Release|Any CPU
		{40B47A81-C5C4-4868-B98C-71F00082DBA0}.Release|x64.ActiveCfg = Release|Any CPU
		{40B47A81-C5C4-4868-B98C-71F00082DBA0}.Release|x64.Build.0 = Release|Any CPU
		{40B47A81-C5C4-4868-B98C-71F00082DBA0}.Release|x86.ActiveCfg = Release|Any CPU
		{40B47A81-C5C4-4868-B98C-71F00082DBA0}.Release|x86.Build.0 = Release|Any CPU
		{09415ED7-6B99-4286-8FAE-86AFC775C3A7}.Debug|Any CPU.ActiveCfg = Debug|Any CPU
		{09415ED7-6B99-4286-8FAE-86AFC775C3A7}.Debug|Any CPU.Build.0 = Debug|Any CPU
		{09415ED7-6B99-4286-8FAE-86AFC775C3A7}.Debug|x64.ActiveCfg = Debug|Any CPU
		{09415ED7-6B99-4286-8FAE-86AFC775C3A7}.Debug|x64.Build.0 = Debug|Any CPU
		{09415ED7-6B99-4286-8FAE-86AFC775C3A7}.Debug|x86.ActiveCfg = Debug|Any CPU
		{09415ED7-6B99-4286-8FAE-86AFC775C3A7}.Debug|x86.Build.0 = Debug|Any CPU
		{09415ED7-6B99-4286-8FAE-86AFC775C3A7}.Release|Any CPU.ActiveCfg = Release|Any CPU
		{09415ED7-6B99-4286-8FAE-86AFC775C3A7}.Release|Any CPU.Build.0 = Release|Any CPU
		{09415ED7-6B99-4286-8FAE-86AFC775C3A7}.Release|x64.ActiveCfg = Release|Any CPU
		{09415ED7-6B99-4286-8FAE-86AFC775C3A7}.Release|x64.Build.0 = Release|Any CPU
		{09415ED7-6B99-4286-8FAE-86AFC775C3A7}.Release|x86.ActiveCfg = Release|Any CPU
		{09415ED7-6B99-4286-8FAE-86AFC775C3A7}.Release|x86.Build.0 = Release|Any CPU
		{B72D4BDC-9EC1-45AF-9FDC-7D6BD5C06715}.Debug|Any CPU.ActiveCfg = Debug|Any CPU
		{B72D4BDC-9EC1-45AF-9FDC-7D6BD5C06715}.Debug|Any CPU.Build.0 = Debug|Any CPU
		{B72D4BDC-9EC1-45AF-9FDC-7D6BD5C06715}.Debug|x64.ActiveCfg = Debug|Any CPU
		{B72D4BDC-9EC1-45AF-9FDC-7D6BD5C06715}.Debug|x64.Build.0 = Debug|Any CPU
		{B72D4BDC-9EC1-45AF-9FDC-7D6BD5C06715}.Debug|x86.ActiveCfg = Debug|Any CPU
		{B72D4BDC-9EC1-45AF-9FDC-7D6BD5C06715}.Debug|x86.Build.0 = Debug|Any CPU
		{B72D4BDC-9EC1-45AF-9FDC-7D6BD5C06715}.Release|Any CPU.ActiveCfg = Release|Any CPU
		{B72D4BDC-9EC1-45AF-9FDC-7D6BD5C06715}.Release|Any CPU.Build.0 = Release|Any CPU
		{B72D4BDC-9EC1-45AF-9FDC-7D6BD5C06715}.Release|x64.ActiveCfg = Release|Any CPU
		{B72D4BDC-9EC1-45AF-9FDC-7D6BD5C06715}.Release|x64.Build.0 = Release|Any CPU
		{B72D4BDC-9EC1-45AF-9FDC-7D6BD5C06715}.Release|x86.ActiveCfg = Release|Any CPU
		{B72D4BDC-9EC1-45AF-9FDC-7D6BD5C06715}.Release|x86.Build.0 = Release|Any CPU
		{A3FAFBD5-B2E4-4FD9-ACF1-66201CE101F2}.Debug|Any CPU.ActiveCfg = Debug|Any CPU
		{A3FAFBD5-B2E4-4FD9-ACF1-66201CE101F2}.Debug|Any CPU.Build.0 = Debug|Any CPU
		{A3FAFBD5-B2E4-4FD9-ACF1-66201CE101F2}.Debug|x64.ActiveCfg = Debug|Any CPU
		{A3FAFBD5-B2E4-4FD9-ACF1-66201CE101F2}.Debug|x64.Build.0 = Debug|Any CPU
		{A3FAFBD5-B2E4-4FD9-ACF1-66201CE101F2}.Debug|x86.ActiveCfg = Debug|Any CPU
		{A3FAFBD5-B2E4-4FD9-ACF1-66201CE101F2}.Debug|x86.Build.0 = Debug|Any CPU
		{A3FAFBD5-B2E4-4FD9-ACF1-66201CE101F2}.Release|Any CPU.ActiveCfg = Release|Any CPU
		{A3FAFBD5-B2E4-4FD9-ACF1-66201CE101F2}.Release|Any CPU.Build.0 = Release|Any CPU
		{A3FAFBD5-B2E4-4FD9-ACF1-66201CE101F2}.Release|x64.ActiveCfg = Release|Any CPU
		{A3FAFBD5-B2E4-4FD9-ACF1-66201CE101F2}.Release|x64.Build.0 = Release|Any CPU
		{A3FAFBD5-B2E4-4FD9-ACF1-66201CE101F2}.Release|x86.ActiveCfg = Release|Any CPU
		{A3FAFBD5-B2E4-4FD9-ACF1-66201CE101F2}.Release|x86.Build.0 = Release|Any CPU
		{729F2EA4-FBA4-455D-A97A-CC0F3A73859C}.Debug|Any CPU.ActiveCfg = Debug|Any CPU
		{729F2EA4-FBA4-455D-A97A-CC0F3A73859C}.Debug|Any CPU.Build.0 = Debug|Any CPU
		{729F2EA4-FBA4-455D-A97A-CC0F3A73859C}.Debug|x64.ActiveCfg = Debug|Any CPU
		{729F2EA4-FBA4-455D-A97A-CC0F3A73859C}.Debug|x64.Build.0 = Debug|Any CPU
		{729F2EA4-FBA4-455D-A97A-CC0F3A73859C}.Debug|x86.ActiveCfg = Debug|Any CPU
		{729F2EA4-FBA4-455D-A97A-CC0F3A73859C}.Debug|x86.Build.0 = Debug|Any CPU
		{729F2EA4-FBA4-455D-A97A-CC0F3A73859C}.Release|Any CPU.ActiveCfg = Release|Any CPU
		{729F2EA4-FBA4-455D-A97A-CC0F3A73859C}.Release|Any CPU.Build.0 = Release|Any CPU
		{729F2EA4-FBA4-455D-A97A-CC0F3A73859C}.Release|x64.ActiveCfg = Release|Any CPU
		{729F2EA4-FBA4-455D-A97A-CC0F3A73859C}.Release|x64.Build.0 = Release|Any CPU
		{729F2EA4-FBA4-455D-A97A-CC0F3A73859C}.Release|x86.ActiveCfg = Release|Any CPU
		{729F2EA4-FBA4-455D-A97A-CC0F3A73859C}.Release|x86.Build.0 = Release|Any CPU
		{DB844BEB-C899-44DD-92D4-B5CF1DD47342}.Debug|Any CPU.ActiveCfg = Debug|Any CPU
		{DB844BEB-C899-44DD-92D4-B5CF1DD47342}.Debug|Any CPU.Build.0 = Debug|Any CPU
		{DB844BEB-C899-44DD-92D4-B5CF1DD47342}.Debug|x64.ActiveCfg = Debug|Any CPU
		{DB844BEB-C899-44DD-92D4-B5CF1DD47342}.Debug|x64.Build.0 = Debug|Any CPU
		{DB844BEB-C899-44DD-92D4-B5CF1DD47342}.Debug|x86.ActiveCfg = Debug|Any CPU
		{DB844BEB-C899-44DD-92D4-B5CF1DD47342}.Debug|x86.Build.0 = Debug|Any CPU
		{DB844BEB-C899-44DD-92D4-B5CF1DD47342}.Release|Any CPU.ActiveCfg = Release|Any CPU
		{DB844BEB-C899-44DD-92D4-B5CF1DD47342}.Release|Any CPU.Build.0 = Release|Any CPU
		{DB844BEB-C899-44DD-92D4-B5CF1DD47342}.Release|x64.ActiveCfg = Release|Any CPU
		{DB844BEB-C899-44DD-92D4-B5CF1DD47342}.Release|x64.Build.0 = Release|Any CPU
		{DB844BEB-C899-44DD-92D4-B5CF1DD47342}.Release|x86.ActiveCfg = Release|Any CPU
		{DB844BEB-C899-44DD-92D4-B5CF1DD47342}.Release|x86.Build.0 = Release|Any CPU
		{ED53738C-CCFF-40D6-A8A6-A9D47A46CCBD}.Debug|Any CPU.ActiveCfg = Debug|Any CPU
		{ED53738C-CCFF-40D6-A8A6-A9D47A46CCBD}.Debug|Any CPU.Build.0 = Debug|Any CPU
		{ED53738C-CCFF-40D6-A8A6-A9D47A46CCBD}.Debug|x64.ActiveCfg = Debug|Any CPU
		{ED53738C-CCFF-40D6-A8A6-A9D47A46CCBD}.Debug|x64.Build.0 = Debug|Any CPU
		{ED53738C-CCFF-40D6-A8A6-A9D47A46CCBD}.Debug|x86.ActiveCfg = Debug|Any CPU
		{ED53738C-CCFF-40D6-A8A6-A9D47A46CCBD}.Debug|x86.Build.0 = Debug|Any CPU
		{ED53738C-CCFF-40D6-A8A6-A9D47A46CCBD}.Release|Any CPU.ActiveCfg = Release|Any CPU
		{ED53738C-CCFF-40D6-A8A6-A9D47A46CCBD}.Release|Any CPU.Build.0 = Release|Any CPU
		{ED53738C-CCFF-40D6-A8A6-A9D47A46CCBD}.Release|x64.ActiveCfg = Release|Any CPU
		{ED53738C-CCFF-40D6-A8A6-A9D47A46CCBD}.Release|x64.Build.0 = Release|Any CPU
		{ED53738C-CCFF-40D6-A8A6-A9D47A46CCBD}.Release|x86.ActiveCfg = Release|Any CPU
		{ED53738C-CCFF-40D6-A8A6-A9D47A46CCBD}.Release|x86.Build.0 = Release|Any CPU
		{F906094A-D6D4-4C29-8B6E-DD051347ECB5}.Debug|Any CPU.ActiveCfg = Debug|Any CPU
		{F906094A-D6D4-4C29-8B6E-DD051347ECB5}.Debug|Any CPU.Build.0 = Debug|Any CPU
		{F906094A-D6D4-4C29-8B6E-DD051347ECB5}.Debug|x64.ActiveCfg = Debug|Any CPU
		{F906094A-D6D4-4C29-8B6E-DD051347ECB5}.Debug|x64.Build.0 = Debug|Any CPU
		{F906094A-D6D4-4C29-8B6E-DD051347ECB5}.Debug|x86.ActiveCfg = Debug|Any CPU
		{F906094A-D6D4-4C29-8B6E-DD051347ECB5}.Debug|x86.Build.0 = Debug|Any CPU
		{F906094A-D6D4-4C29-8B6E-DD051347ECB5}.Release|Any CPU.ActiveCfg = Release|Any CPU
		{F906094A-D6D4-4C29-8B6E-DD051347ECB5}.Release|Any CPU.Build.0 = Release|Any CPU
		{F906094A-D6D4-4C29-8B6E-DD051347ECB5}.Release|x64.ActiveCfg = Release|Any CPU
		{F906094A-D6D4-4C29-8B6E-DD051347ECB5}.Release|x64.Build.0 = Release|Any CPU
		{F906094A-D6D4-4C29-8B6E-DD051347ECB5}.Release|x86.ActiveCfg = Release|Any CPU
		{F906094A-D6D4-4C29-8B6E-DD051347ECB5}.Release|x86.Build.0 = Release|Any CPU
	EndGlobalSection
	GlobalSection(NestedProjects) = preSolution
		{A776DCCC-D018-434E-A314-9A632E8351B9} = {5A8C47DC-3FD3-415B-AA11-7B81264E61A6}
		{DEEF59E2-2FF8-4C03-A62D-D55402E6D153} = {5A8C47DC-3FD3-415B-AA11-7B81264E61A6}
		{40B47A81-C5C4-4868-B98C-71F00082DBA0} = {442BC372-4073-465D-95CD-64DA0B002FB3}
		{09415ED7-6B99-4286-8FAE-86AFC775C3A7} = {442BC372-4073-465D-95CD-64DA0B002FB3}
		{B72D4BDC-9EC1-45AF-9FDC-7D6BD5C06715} = {54ECD5BC-9FFF-4564-B147-DD8A21A5E8BA}
		{A3FAFBD5-B2E4-4FD9-ACF1-66201CE101F2} = {54ECD5BC-9FFF-4564-B147-DD8A21A5E8BA}
		{729F2EA4-FBA4-455D-A97A-CC0F3A73859C} = {8730554D-5F23-416F-B474-56937ED57BCC}
		{DB844BEB-C899-44DD-92D4-B5CF1DD47342} = {8730554D-5F23-416F-B474-56937ED57BCC}
		{ED53738C-CCFF-40D6-A8A6-A9D47A46CCBD} = {CE2B1681-E319-4AA1-8287-9A58CD21C23A}
		{F906094A-D6D4-4C29-8B6E-DD051347ECB5} = {CE2B1681-E319-4AA1-8287-9A58CD21C23A}
	EndGlobalSection
EndGlobal
